// !$*UTF8*$!
{
archiveVersion = 1;
classes = {};
objectVersion = 56;
objects = {

/* Begin PBXBuildFile section */
13B07FBC1A68108700A75B9A /* AppDelegate.swift in Sources */ = {isa = PBXBuildFile; fileRef = 13B07FB01A68108700A75B9A /* AppDelegate.swift */; };
13B07FBD1A68108700A75B9A /* SceneDelegate.swift in Sources */ = {isa = PBXBuildFile; fileRef = 13B07FB11A68108700A75B9A /* SceneDelegate.swift */; };
13B07FBE1A68108700A75B9A /* ViewController.swift in Sources */ = {isa = PBXBuildFile; fileRef = 13B07FB21A68108700A75B9A /* ViewController.swift */; };
13B07FBF1A68108700A75B9A /* Assets.xcassets in Resources */ = {isa = PBXBuildFile; fileRef = 13B07FB31A68108700A75B9A /* Assets.xcassets */; };
13B07FC01A68108700A75B9A /* Main.storyboard in Resources */ = {isa = PBXBuildFile; fileRef = 13B07FB41A68108700A75B9A /* Main.storyboard */; };
13B07FC11A68108700A75B9A /* LaunchScreen.storyboard in Resources */ = {isa = PBXBuildFile; fileRef = 13B07FB51A68108700A75B9A /* LaunchScreen.storyboard */; };
/* End PBXBuildFile section */

/* Begin PBXFileReference section */
13B07FAD1A68108700A75B9A /* IosTest.app */ = {isa = PBXFileReference; explicitFileType = wrapper.application; includeInIndex = 0; path = IosTest.app; sourceTree = BUILT_PRODUCTS_DIR; };
13B07FB01A68108700A75B9A /* AppDelegate.swift */ = {isa = PBXFileReference; lastKnownFileType = sourcecode.swift; path = AppDelegate.swift; sourceTree = "<group>"; };
13B07FB11A68108700A75B9A /* SceneDelegate.swift */ = {isa = PBXFileReference; lastKnownFileType = sourcecode.swift; path = SceneDelegate.swift; sourceTree = "<group>"; };
13B07FB21A68108700A75B9A /* ViewController.swift */ = {isa = PBXFileReference; lastKnownFileType = sourcecode.swift; path = ViewController.swift; sourceTree = "<group>"; };
13B07FB31A68108700A75B9A /* Assets.xcassets */ = {isa = PBXFileReference; lastKnownFileType = folder.assetcatalog; path = Assets.xcassets; sourceTree = "<group>"; };
13B07FB41A68108700A75B9A /* Main.storyboard */ = {isa = PBXFileReference; lastKnownFileType = file.storyboard; path = Main.storyboard; sourceTree = "<group>"; };
13B07FB51A68108700A75B9A /* LaunchScreen.storyboard */ = {isa = PBXFileReference; lastKnownFileType = file.storyboard; path = LaunchScreen.storyboard; sourceTree = "<group>"; };
13B07FB61A68108700A75B9A /* Info.plist */ = {isa = PBXFileReference; lastKnownFileType = text.plist.xml; path = Info.plist; sourceTree = "<group>"; };
/* End PBXFileReference section */

/* Begin PBXFrameworksBuildPhase section */
13B07F9C1A68108700A75B9A /* Frameworks */ = {
isa = PBXFrameworksBuildPhase;
buildActionMask = 2147483647;
files = (
);
runOnlyForDeploymentPostprocessing = 0;
};
/* End PBXFrameworksBuildPhase section */

/* Begin PBXGroup section */
13B07F8C1A68108700A75B9A = {
isa = PBXGroup;
children = (
13B07FAE1A68108700A75B9A /* IosTest */,
13B07FAD1A68108700A75B9A /* IosTest.app */,
);
sourceTree = "<group>";
};
13B07FAE1A68108700A75B9A /* IosTest */ = {
isa = PBXGroup;
children = (
13B07FB01A68108700A75B9A /* AppDelegate.swift */,
13B07FB11A68108700A75B9A /* SceneDelegate.swift */,
13B07FB21A68108700A75B9A /* ViewController.swift */,
13B07FB31A68108700A75B9A /* Assets.xcassets */,
13B07FB41A68108700A75B9A /* Main.storyboard */,
13B07FB51A68108700A75B9A /* LaunchScreen.storyboard */,
13B07FB61A68108700A75B9A /* Info.plist */,
);
path = IosTest;
sourceTree = "<group>";
};
/* End PBXGroup section */

/* Begin PBXNativeTarget section */
13B07F861A680F5B00A75B9A /* IosTest */ = {
isa = PBXNativeTarget;
buildConfigurationList = 13B07F9E1A68108700A75B9A /* Build configuration list for PBXNativeTarget "IosTest" */;
buildPhases = (
13B07F9B1A68108700A75B9A /* Sources */,
13B07F9C1A68108700A75B9A /* Frameworks */,
13B07F9D1A68108700A75B9A /* Resources */,
);
buildRules = (
);
dependencies = (
);
name = IosTest;
productName = IosTest;
productReference = 13B07FAD1A68108700A75B9A /* IosTest.app */;
productType = "com.apple.product-type.application";
};
/* End PBXNativeTarget section */

/* Begin PBXProject section */
13B07F871A680F5B00A75B9A /* Project object */ = {
isa = PBXProject;
attributes = {
LastSwiftUpdateCheck = 1540;
LastUpgradeCheck = 1540;
TargetAttributes = {
13B07F861A680F5B00A75B9A = {
DevelopmentTeam = "";
ProvisioningStyle = Automatic;
};
};
};
buildConfigurationList = 13B07F8A1A680F5B00A75B9A /* Build configuration list for PBXProject "IosTest" */;
compatibilityVersion = "Xcode 14.0";
developmentRegion = en;
hasScannedForEncodings = 0;
knownRegions = (
en,
);
mainGroup = 13B07F8C1A68108700A75B9A;
productRefGroup = 13B07F8C1A68108700A75B9A;
projectDirPath = "";
projectRoot = "";
targets = (
13B07F861A680F5B00A75B9A /* IosTest */,
);
};
/* End PBXProject section */

/* Begin PBXResourcesBuildPhase section */
13B07F9D1A68108700A75B9A /* Resources */ = {
isa = PBXResourcesBuildPhase;
buildActionMask = 2147483647;
files = (
13B07FC11A68108700A75B9A /* LaunchScreen.storyboard in Resources */,
13B07FC01A68108700A75B9A /* Main.storyboard in Resources */,
13B07FBF1A68108700A75B9A /* Assets.xcassets in Resources */,
);
runOnlyForDeploymentPostprocessing = 0;
};
/* End PBXResourcesBuildPhase section */

/* Begin PBXSourcesBuildPhase section */
13B07F9B1A68108700A75B9A /* Sources */ = {
isa = PBXSourcesBuildPhase;
buildActionMask = 2147483647;
files = (
13B07FBE1A68108700A75B9A /* ViewController.swift in Sources */,
13B07FBC1A68108700A75B9A /* AppDelegate.swift in Sources */,
13B07FBD1A68108700A75B9A /* SceneDelegate.swift in Sources */,
);
runOnlyForDeploymentPostprocessing = 0;
};
/* End PBXSourcesBuildPhase section */

/* Begin PBXVariantGroup section */
13B07FB41A68108700A75B9A /* Main.storyboard */ = {
isa = PBXVariantGroup;
children = (
13B07FB71A68108700A75B9A /* Base */,
);
name = Main.storyboard;
sourceTree = "<group>";
};
13B07FB51A68108700A75B9A /* LaunchScreen.storyboard */ = {
isa = PBXVariantGroup;
children = (
13B07FB81A68108700A75B9A /* Base */,
);
name = LaunchScreen.storyboard;
sourceTree = "<group>";
};
/* End PBXVariantGroup section */

/* Begin PBXFileReference (Variant) section */
13B07FB71A68108700A75B9A /* Base */ = {isa = PBXFileReference; lastKnownFileType = file.storyboard; name = Base; path = Base.lproj/Main.storyboard; sourceTree = "<group>"; };
13B07FB81A68108700A75B9A /* Base */ = {isa = PBXFileReference; lastKnownFileType = file.storyboard; name = Base; path = Base.lproj/LaunchScreen.storyboard; sourceTree = "<group>"; };
/* End PBXFileReference (Variant) section */

/* Begin XCBuildConfiguration section */
13B07F981A680F5B00A75B9A /* Debug */ = {
isa = XCBuildConfiguration;
buildSettings = {
ALWAYS_SEARCH_USER_PATHS = NO;
CLANG_ANALYZER_NONNULL = YES;
CLANG_ENABLE_MODULES = YES;
CLANG_ENABLE_OBJC_ARC = YES;
CLANG_WARN_DOCUMENTATION_COMMENTS = YES;
CLANG_WARN_OBJC_LITERAL_CONVERSION = YES;
CLANG_WARN_UNGUARDED_AVAILABILITY = YES_AGGRESSIVE;
DEVELOPMENT_ASSET_PATHS = "";
ENABLE_PREVIEWS = YES;
GCC_C_LANGUAGE_STANDARD = gnu11;
IPHONEOS_DEPLOYMENT_TARGET = 15.0;
LD_RUNPATH_SEARCH_PATHS = "$(inherited) @executable_path/Frameworks";
MTL_ENABLE_DEBUG_INFO = INCLUDE_SOURCE;
PRODUCT_NAME = "$(TARGET_NAME)";
SDKROOT = iphoneos;
SWIFT_ACTIVE_COMPILATION_CONDITIONS = DEBUG;
SWIFT_OPTIMIZATION_LEVEL = "-Onone";
SWIFT_VERSION = 5.0;
TARGETED_DEVICE_FAMILY = "1,2";
};
name = Debug;
};
13B07F991A680F5B00A75B9A /* Release */ = {
isa = XCBuildConfiguration;
buildSettings = {
ALWAYS_SEARCH_USER_PATHS = NO;
CLANG_ANALYZER_NONNULL = YES;
CLANG_ENABLE_MODULES = YES;
CLANG_ENABLE_OBJC_ARC = YES;
CLANG_WARN_DOCUMENTATION_COMMENTS = YES;
CLANG_WARN_OBJC_LITERAL_CONVERSION = YES;
CLANG_WARN_UNGUARDED_AVAILABILITY = YES_AGGRESSIVE;
DEVELOPMENT_ASSET_PATHS = "";
ENABLE_NS_ASSERTIONS = NO;
ENABLE_PREVIEWS = YES;
GCC_C_LANGUAGE_STANDARD = gnu11;
IPHONEOS_DEPLOYMENT_TARGET = 15.0;
LD_RUNPATH_SEARCH_PATHS = "$(inherited) @executable_path/Frameworks";
MTL_ENABLE_DEBUG_INFO = NO;
PRODUCT_NAME = "$(TARGET_NAME)";
SDKROOT = iphoneos;
SWIFT_COMPILATION_MODE = wholemodule;
SWIFT_OPTIMIZATION_LEVEL = "-O";
SWIFT_VERSION = 5.0;
TARGETED_DEVICE_FAMILY = "1,2";
};
name = Release;
};
13B07F9F1A68108700A75B9A /* Debug */ = {
isa = XCBuildConfiguration;
buildSettings = {
ASSETCATALOG_COMPILER_APPICON_NAME = AppIcon;
CODE_SIGN_STYLE = Automatic;
INFOPLIST_FILE = IosTest/Info.plist;
LD_RUNPATH_SEARCH_PATHS = "$(inherited) @executable_path/Frameworks";
PRODUCT_BUNDLE_IDENTIFIER = com.example.IosTest;
PRODUCT_NAME = "$(TARGET_NAME)";
SWIFT_VERSION = 5.0;
TARGETED_DEVICE_FAMILY = "1,2";
};
name = Debug;
};
13B07FA01A68108700A75B9A /* Release */ = {
isa = XCBuildConfiguration;
buildSettings = {
ASSETCATALOG_COMPILER_APPICON_NAME = AppIcon;
CODE_SIGN_STYLE = Automatic;
INFOPLIST_FILE = IosTest/Info.plist;
LD_RUNPATH_SEARCH_PATHS = "$(inherited) @executable_path/Frameworks";
PRODUCT_BUNDLE_IDENTIFIER = com.example.IosTest;
PRODUCT_NAME = "$(TARGET_NAME)";
SWIFT_VERSION = 5.0;
TARGETED_DEVICE_FAMILY = "1,2";
};
name = Release;
};
/* End XCBuildConfiguration section */

/* Begin XCConfigurationList section */
13B07F8A1A680F5B00A75B9A /* Build configuration list for PBXProject "IosTest" */ = {
isa = XCConfigurationList;
buildConfigurations = (
13B07F981A680F5B00A75B9A /* Debug */,
13B07F991A680F5B00A75B9A /* Release */,
);
defaultConfigurationIsVisible = 0;
defaultConfigurationName = Release;
};
13B07F9E1A68108700A75B9A /* Build configuration list for PBXNativeTarget "IosTest" */ = {
isa = XCConfigurationList;
buildConfigurations = (
13B07F9F1A68108700A75B9A /* Debug */,
13B07FA01A68108700A75B9A /* Release */,
);
defaultConfigurationIsVisible = 0;
defaultConfigurationName = Release;
};
/* End XCConfigurationList section */
};
rootObject = 13B07F871A680F5B00A75B9A /* Project object */;
}
